
Microsoft Visual Studio Solution File, Format Version 12.00
# Visual Studio Version 17
VisualStudioVersion = 17.8.34511.84
MinimumVisualStudioVersion = 10.0.40219.1
Project("{FAE04EC0-301F-11D3-BF4B-00C04F79EFBC}") = "задание14", "задание14\задание14.csproj", "{17411408-A7EA-4CDC-8F06-34FD5E81403B}"
EndProject
Global
	GlobalSection(SolutionConfigurationPlatforms) = preSolution
		Debug|Any CPU = Debug|Any CPU
		Release|Any CPU = Release|Any CPU
	EndGlobalSection
	GlobalSection(ProjectConfigurationPlatforms) = postSolution
		{17411408-A7EA-4CDC-8F06-34FD5E81403B}.Debug|Any CPU.ActiveCfg = Debug|Any CPU
		{17411408-A7EA-4CDC-8F06-34FD5E81403B}.Debug|Any CPU.Build.0 = Debug|Any CPU
		{17411408-A7EA-4CDC-8F06-34FD5E81403B}.Release|Any CPU.ActiveCfg = Release|Any CPU
		{17411408-A7EA-4CDC-8F06-34FD5E81403B}.Release|Any CPU.Build.0 = Release|Any CPU
	EndGlobalSection
	GlobalSection(SolutionProperties) = preSolution
		HideSolutionNode = FALSE
	EndGlobalSection
	GlobalSection(ExtensibilityGlobals) = postSolution
		SolutionGuid = {C3A8100D-4196-4522-9CB1-A107A8F66138}
	EndGlobalSection
EndGlobal
